
Microsoft Visual Studio Solution File, Format Version 12.00
# Visual Studio Version 17
VisualStudioVersion = 17.7.34221.43
MinimumVisualStudioVersion = 10.0.40219.1
Project("{FAE04EC0-301F-11D3-BF4B-00C04F79EFBC}") = "Trip Expense Tracker", "Trip Expense Tracker.csproj", "{BF909720-084E-4E6F-A7D9-7EB935D5717E}"
EndProject
Project("{FAE04EC0-301F-11D3-BF4B-00C04F79EFBC}") = "ConnectionString", "..\ConnectionString\ConnectionString.csproj", "{3BD2BB5D-4F56-49A1-A02B-5336F5F1BB25}"
EndProject
Global
	GlobalSection(SolutionConfigurationPlatforms) = preSolution
		Debug|Any CPU = Debug|Any CPU
		Release|Any CPU = Release|Any CPU
	EndGlobalSection
	GlobalSection(ProjectConfigurationPlatforms) = postSolution
		{BF909720-084E-4E6F-A7D9-7EB935D5717E}.Debug|Any CPU.ActiveCfg = Debug|Any CPU
		{BF909720-084E-4E6F-A7D9-7EB935D5717E}.Debug|Any CPU.Build.0 = Debug|Any CPU
		{BF909720-084E-4E6F-A7D9-7EB935D5717E}.Release|Any CPU.ActiveCfg = Release|Any CPU
		{BF909720-084E-4E6F-A7D9-7EB935D5717E}.Release|Any CPU.Build.0 = Release|Any CPU
		{3BD2BB5D-4F56-49A1-A02B-5336F5F1BB25}.Debug|Any CPU.ActiveCfg = Debug|Any CPU
		{3BD2BB5D-4F56-49A1-A02B-5336F5F1BB25}.Debug|Any CPU.Build.0 = Debug|Any CPU
		{3BD2BB5D-4F56-49A1-A02B-5336F5F1BB25}.Release|Any CPU.ActiveCfg = Release|Any CPU
		{3BD2BB5D-4F56-49A1-A02B-5336F5F1BB25}.Release|Any CPU.Build.0 = Release|Any CPU
	EndGlobalSection
	GlobalSection(SolutionProperties) = preSolution
		HideSolutionNode = FALSE
	EndGlobalSection
	GlobalSection(ExtensibilityGlobals) = postSolution
		SolutionGuid = {8442B801-EE46-4BEC-929C-D395A8426C37}
	EndGlobalSection
EndGlobal
